
Microsoft Visual Studio Solution File, Format Version 12.00
# Visual Studio 15
VisualStudioVersion = 15.0.26403.7
MinimumVisualStudioVersion = 10.0.40219.1
Project("{FAE04EC0-301F-11D3-BF4B-00C04F79EFBC}") = "CrossZero", "CrossZero\CrossZero.csproj", "{B7174E4D-5D1F-4641-A594-665686B1521C}"
EndProject
Project("{FAE04EC0-301F-11D3-BF4B-00C04F79EFBC}") = "CrossZeroTest", "CrossZeroTest\CrossZeroTest.csproj", "{91F1D029-DB2B-41CE-A89F-815E8B7F6B11}"
EndProject
Global
	GlobalSection(SolutionConfigurationPlatforms) = preSolution
		Debug|Any CPU = Debug|Any CPU
		Release|Any CPU = Release|Any CPU
	EndGlobalSection
	GlobalSection(ProjectConfigurationPlatforms) = postSolution
		{B7174E4D-5D1F-4641-A594-665686B1521C}.Debug|Any CPU.ActiveCfg = Debug|Any CPU
		{B7174E4D-5D1F-4641-A594-665686B1521C}.Debug|Any CPU.Build.0 = Debug|Any CPU
		{B7174E4D-5D1F-4641-A594-665686B1521C}.Release|Any CPU.ActiveCfg = Release|Any CPU
		{B7174E4D-5D1F-4641-A594-665686B1521C}.Release|Any CPU.Build.0 = Release|Any CPU
		{91F1D029-DB2B-41CE-A89F-815E8B7F6B11}.Debug|Any CPU.ActiveCfg = Debug|Any CPU
		{91F1D029-DB2B-41CE-A89F-815E8B7F6B11}.Debug|Any CPU.Build.0 = Debug|Any CPU
		{91F1D029-DB2B-41CE-A89F-815E8B7F6B11}.Release|Any CPU.ActiveCfg = Release|Any CPU
		{91F1D029-DB2B-41CE-A89F-815E8B7F6B11}.Release|Any CPU.Build.0 = Release|Any CPU
	EndGlobalSection
	GlobalSection(SolutionProperties) = preSolution
		HideSolutionNode = FALSE
	EndGlobalSection
EndGlobal
